
Microsoft Visual Studio Solution File, Format Version 12.00
Project("{FAE04EC0-301F-11D3-BF4B-00C04F79EFBC}") = "UITStore", "UITStore\UITStore\UITStore.csproj", "{6F28FC47-0AD7-4014-B895-817405664E0D}"
EndProject
Project("{FAE04EC0-301F-11D3-BF4B-00C04F79EFBC}") = "UITStore.Droid", "UITStore\UITStore.Droid\UITStore.Droid.csproj", "{95219791-6033-44DF-91F5-298C0EDF1140}"
EndProject
Project("{FAE04EC0-301F-11D3-BF4B-00C04F79EFBC}") = "UITStore.iOS", "UITStore\UITStore.iOS\UITStore.iOS.csproj", "{FA539BD0-4620-46AB-AA4A-183BFD8CDF84}"
EndProject
Global
	GlobalSection(SolutionConfigurationPlatforms) = preSolution
		Ad-Hoc|iPhone = Ad-Hoc|iPhone
		AppStore|iPhone = AppStore|iPhone
		Debug|Any CPU = Debug|Any CPU
		Debug|iPhone = Debug|iPhone
		Debug|iPhoneSimulator = Debug|iPhoneSimulator
		Release|Any CPU = Release|Any CPU
		Release|iPhone = Release|iPhone
		Release|iPhoneSimulator = Release|iPhoneSimulator
	EndGlobalSection
	GlobalSection(ProjectConfigurationPlatforms) = postSolution
		{6F28FC47-0AD7-4014-B895-817405664E0D}.Ad-Hoc|iPhone.ActiveCfg = Debug|Any CPU
		{6F28FC47-0AD7-4014-B895-817405664E0D}.Ad-Hoc|iPhone.Build.0 = Debug|Any CPU
		{6F28FC47-0AD7-4014-B895-817405664E0D}.AppStore|iPhone.ActiveCfg = Debug|Any CPU
		{6F28FC47-0AD7-4014-B895-817405664E0D}.AppStore|iPhone.Build.0 = Debug|Any CPU
		{6F28FC47-0AD7-4014-B895-817405664E0D}.Debug|Any CPU.ActiveCfg = Debug|Any CPU
		{6F28FC47-0AD7-4014-B895-817405664E0D}.Debug|Any CPU.Build.0 = Debug|Any CPU
		{6F28FC47-0AD7-4014-B895-817405664E0D}.Debug|iPhone.ActiveCfg = Debug|Any CPU
		{6F28FC47-0AD7-4014-B895-817405664E0D}.Debug|iPhone.Build.0 = Debug|Any CPU
		{6F28FC47-0AD7-4014-B895-817405664E0D}.Debug|iPhoneSimulator.ActiveCfg = Debug|Any CPU
		{6F28FC47-0AD7-4014-B895-817405664E0D}.Debug|iPhoneSimulator.Build.0 = Debug|Any CPU
		{6F28FC47-0AD7-4014-B895-817405664E0D}.Release|Any CPU.ActiveCfg = Release|Any CPU
		{6F28FC47-0AD7-4014-B895-817405664E0D}.Release|Any CPU.Build.0 = Release|Any CPU
		{6F28FC47-0AD7-4014-B895-817405664E0D}.Release|iPhone.ActiveCfg = Release|Any CPU
		{6F28FC47-0AD7-4014-B895-817405664E0D}.Release|iPhone.Build.0 = Release|Any CPU
		{6F28FC47-0AD7-4014-B895-817405664E0D}.Release|iPhoneSimulator.ActiveCfg = Release|Any CPU
		{6F28FC47-0AD7-4014-B895-817405664E0D}.Release|iPhoneSimulator.Build.0 = Release|Any CPU
		{95219791-6033-44DF-91F5-298C0EDF1140}.Ad-Hoc|iPhone.ActiveCfg = Debug|Any CPU
		{95219791-6033-44DF-91F5-298C0EDF1140}.Ad-Hoc|iPhone.Build.0 = Debug|Any CPU
		{95219791-6033-44DF-91F5-298C0EDF1140}.Ad-Hoc|iPhone.Deploy.0 = Debug|Any CPU
		{95219791-6033-44DF-91F5-298C0EDF1140}.AppStore|iPhone.ActiveCfg = Debug|Any CPU
		{95219791-6033-44DF-91F5-298C0EDF1140}.AppStore|iPhone.Build.0 = Debug|Any CPU
		{95219791-6033-44DF-91F5-298C0EDF1140}.AppStore|iPhone.Deploy.0 = Debug|Any CPU
		{95219791-6033-44DF-91F5-298C0EDF1140}.Debug|Any CPU.ActiveCfg = Debug|Any CPU
		{95219791-6033-44DF-91F5-298C0EDF1140}.Debug|Any CPU.Build.0 = Debug|Any CPU
		{95219791-6033-44DF-91F5-298C0EDF1140}.Debug|Any CPU.Deploy.0 = Debug|Any CPU
		{95219791-6033-44DF-91F5-298C0EDF1140}.Debug|iPhone.ActiveCfg = Debug|Any CPU
		{95219791-6033-44DF-91F5-298C0EDF1140}.Debug|iPhone.Build.0 = Debug|Any CPU
		{95219791-6033-44DF-91F5-298C0EDF1140}.Debug|iPhone.Deploy.0 = Debug|Any CPU
		{95219791-6033-44DF-91F5-298C0EDF1140}.Debug|iPhoneSimulator.ActiveCfg = Debug|Any CPU
		{95219791-6033-44DF-91F5-298C0EDF1140}.Debug|iPhoneSimulator.Build.0 = Debug|Any CPU
		{95219791-6033-44DF-91F5-298C0EDF1140}.Debug|iPhoneSimulator.Deploy.0 = Debug|Any CPU
		{95219791-6033-44DF-91F5-298C0EDF1140}.Release|Any CPU.ActiveCfg = Release|Any CPU
		{95219791-6033-44DF-91F5-298C0EDF1140}.Release|Any CPU.Build.0 = Release|Any CPU
		{95219791-6033-44DF-91F5-298C0EDF1140}.Release|Any CPU.Deploy.0 = Release|Any CPU
		{95219791-6033-44DF-91F5-298C0EDF1140}.Release|iPhone.ActiveCfg = Release|Any CPU
		{95219791-6033-44DF-91F5-298C0EDF1140}.Release|iPhone.Build.0 = Release|Any CPU
		{95219791-6033-44DF-91F5-298C0EDF1140}.Release|iPhone.Deploy.0 = Release|Any CPU
		{95219791-6033-44DF-91F5-298C0EDF1140}.Release|iPhoneSimulator.ActiveCfg = Release|Any CPU
		{95219791-6033-44DF-91F5-298C0EDF1140}.Release|iPhoneSimulator.Build.0 = Release|Any CPU
		{95219791-6033-44DF-91F5-298C0EDF1140}.Release|iPhoneSimulator.Deploy.0 = Release|Any CPU
		{FA539BD0-4620-46AB-AA4A-183BFD8CDF84}.Ad-Hoc|iPhone.ActiveCfg = Ad-Hoc|iPhone
		{FA539BD0-4620-46AB-AA4A-183BFD8CDF84}.Ad-Hoc|iPhone.Build.0 = Ad-Hoc|iPhone
		{FA539BD0-4620-46AB-AA4A-183BFD8CDF84}.Ad-Hoc|iPhone.Deploy.0 = Ad-Hoc|iPhone
		{FA539BD0-4620-46AB-AA4A-183BFD8CDF84}.AppStore|iPhone.ActiveCfg = AppStore|iPhone
		{FA539BD0-4620-46AB-AA4A-183BFD8CDF84}.AppStore|iPhone.Build.0 = AppStore|iPhone
		{FA539BD0-4620-46AB-AA4A-183BFD8CDF84}.AppStore|iPhone.Deploy.0 = AppStore|iPhone
		{FA539BD0-4620-46AB-AA4A-183BFD8CDF84}.Debug|Any CPU.ActiveCfg = Debug|iPhoneSimulator
		{FA539BD0-4620-46AB-AA4A-183BFD8CDF84}.Debug|Any CPU.Build.0 = Debug|iPhoneSimulator
		{FA539BD0-4620-46AB-AA4A-183BFD8CDF84}.Debug|Any CPU.Deploy.0 = Debug|iPhoneSimulator
		{FA539BD0-4620-46AB-AA4A-183BFD8CDF84}.Debug|iPhone.ActiveCfg = Debug|iPhone
		{FA539BD0-4620-46AB-AA4A-183BFD8CDF84}.Debug|iPhone.Build.0 = Debug|iPhone
		{FA539BD0-4620-46AB-AA4A-183BFD8CDF84}.Debug|iPhone.Deploy.0 = Debug|iPhone
		{FA539BD0-4620-46AB-AA4A-183BFD8CDF84}.Debug|iPhoneSimulator.ActiveCfg = Debug|iPhoneSimulator
		{FA539BD0-4620-46AB-AA4A-183BFD8CDF84}.Debug|iPhoneSimulator.Build.0 = Debug|iPhoneSimulator
		{FA539BD0-4620-46AB-AA4A-183BFD8CDF84}.Debug|iPhoneSimulator.Deploy.0 = Debug|iPhoneSimulator
		{FA539BD0-4620-46AB-AA4A-183BFD8CDF84}.Release|Any CPU.ActiveCfg = Release|iPhoneSimulator
		{FA539BD0-4620-46AB-AA4A-183BFD8CDF84}.Release|Any CPU.Build.0 = Release|iPhoneSimulator
		{FA539BD0-4620-46AB-AA4A-183BFD8CDF84}.Release|Any CPU.Deploy.0 = Release|iPhoneSimulator
		{FA539BD0-4620-46AB-AA4A-183BFD8CDF84}.Release|iPhone.ActiveCfg = Release|iPhone
		{FA539BD0-4620-46AB-AA4A-183BFD8CDF84}.Release|iPhone.Build.0 = Release|iPhone
		{FA539BD0-4620-46AB-AA4A-183BFD8CDF84}.Release|iPhone.Deploy.0 = Release|iPhone
		{FA539BD0-4620-46AB-AA4A-183BFD8CDF84}.Release|iPhoneSimulator.ActiveCfg = Release|iPhoneSimulator
		{FA539BD0-4620-46AB-AA4A-183BFD8CDF84}.Release|iPhoneSimulator.Build.0 = Release|iPhoneSimulator
		{FA539BD0-4620-46AB-AA4A-183BFD8CDF84}.Release|iPhoneSimulator.Deploy.0 = Release|iPhoneSimulator
	EndGlobalSection
EndGlobal
